// !$*UTF8*$!
{
	archiveVersion = 1;
	classes = {
	};
	objectVersion = 56;
	objects = {

/* Begin PBXBuildFile section */
		1D0D95FB2C276135008B53D4 /* Inject in Frameworks */ = {isa = PBXBuildFile; productRef = 1D0D95FA2C276135008B53D4 /* Inject */; };
		1DF01E5B2C2748F7001FB01D /* TesteAppSwiftApp.swift in Sources */ = {isa = PBXBuildFile; fileRef = 1DF01E5A2C2748F7001FB01D /* TesteAppSwiftApp.swift */; };
		1DF01E5D2C2748F7001FB01D /* ContentView.swift in Sources */ = {isa = PBXBuildFile; fileRef = 1DF01E5C2C2748F7001FB01D /* ContentView.swift */; };
		1DF01E5F2C2748F9001FB01D /* Assets.xcassets in Resources */ = {isa = PBXBuildFile; fileRef = 1DF01E5E2C2748F9001FB01D /* Assets.xcassets */; };
		1DF01E622C2748F9001FB01D /* Preview Assets.xcassets in Resources */ = {isa = PBXBuildFile; fileRef = 1DF01E612C2748F9001FB01D /* Preview Assets.xcassets */; };
		1DF01E6C2C2748FA001FB01D /* TesteAppSwiftTests.swift in Sources */ = {isa = PBXBuildFile; fileRef = 1DF01E6B2C2748FA001FB01D /* TesteAppSwiftTests.swift */; };
		1DF01E762C2748FA001FB01D /* TesteAppSwiftUITests.swift in Sources */ = {isa = PBXBuildFile; fileRef = 1DF01E752C2748FA001FB01D /* TesteAppSwiftUITests.swift */; };
		1DF01E782C2748FA001FB01D /* TesteAppSwiftUITestsLaunchTests.swift in Sources */ = {isa = PBXBuildFile; fileRef = 1DF01E772C2748FA001FB01D /* TesteAppSwiftUITestsLaunchTests.swift */; };
/* End PBXBuildFile section */

/* Begin PBXContainerItemProxy section */
		1DF01E682C2748FA001FB01D /* PBXContainerItemProxy */ = {
			isa = PBXContainerItemProxy;
			containerPortal = 1DF01E4F2C2748F7001FB01D /* Project object */;
			proxyType = 1;
			remoteGlobalIDString = 1DF01E562C2748F7001FB01D;
			remoteInfo = TesteAppSwift;
		};
		1DF01E722C2748FA001FB01D /* PBXContainerItemProxy */ = {
			isa = PBXContainerItemProxy;
			containerPortal = 1DF01E4F2C2748F7001FB01D /* Project object */;
			proxyType = 1;
			remoteGlobalIDString = 1DF01E562C2748F7001FB01D;
			remoteInfo = TesteAppSwift;
		};
/* End PBXContainerItemProxy section */

/* Begin PBXFileReference section */
		1DF01E572C2748F7001FB01D /* TesteAppSwift.app */ = {isa = PBXFileReference; explicitFileType = wrapper.application; includeInIndex = 0; path = TesteAppSwift.app; sourceTree = BUILT_PRODUCTS_DIR; };
		1DF01E5A2C2748F7001FB01D /* TesteAppSwiftApp.swift */ = {isa = PBXFileReference; lastKnownFileType = sourcecode.swift; path = TesteAppSwiftApp.swift; sourceTree = "<group>"; };
		1DF01E5C2C2748F7001FB01D /* ContentView.swift */ = {isa = PBXFileReference; lastKnownFileType = sourcecode.swift; path = ContentView.swift; sourceTree = "<group>"; };
		1DF01E5E2C2748F9001FB01D /* Assets.xcassets */ = {isa = PBXFileReference; lastKnownFileType = folder.assetcatalog; path = Assets.xcassets; sourceTree = "<group>"; };
		1DF01E612C2748F9001FB01D /* Preview Assets.xcassets */ = {isa = PBXFileReference; lastKnownFileType = folder.assetcatalog; path = "Preview Assets.xcassets"; sourceTree = "<group>"; };
		1DF01E672C2748FA001FB01D /* TesteAppSwiftTests.xctest */ = {isa = PBXFileReference; explicitFileType = wrapper.cfbundle; includeInIndex = 0; path = TesteAppSwiftTests.xctest; sourceTree = BUILT_PRODUCTS_DIR; };
		1DF01E6B2C2748FA001FB01D /* TesteAppSwiftTests.swift */ = {isa = PBXFileReference; lastKnownFileType = sourcecode.swift; path = TesteAppSwiftTests.swift; sourceTree = "<group>"; };
		1DF01E712C2748FA001FB01D /* TesteAppSwiftUITests.xctest */ = {isa = PBXFileReference; explicitFileType = wrapper.cfbundle; includeInIndex = 0; path = TesteAppSwiftUITests.xctest; sourceTree = BUILT_PRODUCTS_DIR; };
		1DF01E752C2748FA001FB01D /* TesteAppSwiftUITests.swift */ = {isa = PBXFileReference; lastKnownFileType = sourcecode.swift; path = TesteAppSwiftUITests.swift; sourceTree = "<group>"; };
		1DF01E772C2748FA001FB01D /* TesteAppSwiftUITestsLaunchTests.swift */ = {isa = PBXFileReference; lastKnownFileType = sourcecode.swift; path = TesteAppSwiftUITestsLaunchTests.swift; sourceTree = "<group>"; };
/* End PBXFileReference section */

/* Begin PBXFrameworksBuildPhase section */
		1DF01E542C2748F7001FB01D /* Frameworks */ = {
			isa = PBXFrameworksBuildPhase;
			buildActionMask = 2147483647;
			files = (
				1D0D95FB2C276135008B53D4 /* Inject in Frameworks */,
			);
			runOnlyForDeploymentPostprocessing = 0;
		};
		1DF01E642C2748FA001FB01D /* Frameworks */ = {
			isa = PBXFrameworksBuildPhase;
			buildActionMask = 2147483647;
			files = (
			);
			runOnlyForDeploymentPostprocessing = 0;
		};
		1DF01E6E2C2748FA001FB01D /* Frameworks */ = {
			isa = PBXFrameworksBuildPhase;
			buildActionMask = 2147483647;
			files = (
			);
			runOnlyForDeploymentPostprocessing = 0;
		};
/* End PBXFrameworksBuildPhase section */

/* Begin PBXGroup section */
		1DF01E4E2C2748F7001FB01D = {
			isa = PBXGroup;
			children = (
				1DF01E592C2748F7001FB01D /* TesteAppSwift */,
				1DF01E6A2C2748FA001FB01D /* TesteAppSwiftTests */,
				1DF01E742C2748FA001FB01D /* TesteAppSwiftUITests */,
				1DF01E582C2748F7001FB01D /* Products */,
			);
			sourceTree = "<group>";
		};
		1DF01E582C2748F7001FB01D /* Products */ = {
			isa = PBXGroup;
			children = (
				1DF01E572C2748F7001FB01D /* TesteAppSwift.app */,
				1DF01E672C2748FA001FB01D /* TesteAppSwiftTests.xctest */,
				1DF01E712C2748FA001FB01D /* TesteAppSwiftUITests.xctest */,
			);
			name = Products;
			sourceTree = "<group>";
		};
		1DF01E592C2748F7001FB01D /* TesteAppSwift */ = {
			isa = PBXGroup;
			children = (
				1DF01E5A2C2748F7001FB01D /* TesteAppSwiftApp.swift */,
				1DF01E5C2C2748F7001FB01D /* ContentView.swift */,
				1DF01E5E2C2748F9001FB01D /* Assets.xcassets */,
				1DF01E602C2748F9001FB01D /* Preview Content */,
			);
			path = TesteAppSwift;
			sourceTree = "<group>";
		};
		1DF01E602C2748F9001FB01D /* Preview Content */ = {
			isa = PBXGroup;
			children = (
				1DF01E612C2748F9001FB01D /* Preview Assets.xcassets */,
			);
			path = "Preview Content";
			sourceTree = "<group>";
		};
		1DF01E6A2C2748FA001FB01D /* TesteAppSwiftTests */ = {
			isa = PBXGroup;
			children = (
				1DF01E6B2C2748FA001FB01D /* TesteAppSwiftTests.swift */,
			);
			path = TesteAppSwiftTests;
			sourceTree = "<group>";
		};
		1DF01E742C2748FA001FB01D /* TesteAppSwiftUITests */ = {
			isa = PBXGroup;
			children = (
				1DF01E752C2748FA001FB01D /* TesteAppSwiftUITests.swift */,
				1DF01E772C2748FA001FB01D /* TesteAppSwiftUITestsLaunchTests.swift */,
			);
			path = TesteAppSwiftUITests;
			sourceTree = "<group>";
		};
/* End PBXGroup section */

/* Begin PBXNativeTarget section */
		1DF01E562C2748F7001FB01D /* TesteAppSwift */ = {
			isa = PBXNativeTarget;
			buildConfigurationList = 1DF01E7B2C2748FA001FB01D /* Build configuration list for PBXNativeTarget "TesteAppSwift" */;
			buildPhases = (
				1DF01E532C2748F7001FB01D /* Sources */,
				1DF01E542C2748F7001FB01D /* Frameworks */,
				1DF01E552C2748F7001FB01D /* Resources */,
			);
			buildRules = (
			);
			dependencies = (
			);
			name = TesteAppSwift;
			packageProductDependencies = (
				1D0D95FA2C276135008B53D4 /* Inject */,
			);
			productName = TesteAppSwift;
			productReference = 1DF01E572C2748F7001FB01D /* TesteAppSwift.app */;
			productType = "com.apple.product-type.application";
		};
		1DF01E662C2748FA001FB01D /* TesteAppSwiftTests */ = {
			isa = PBXNativeTarget;
			buildConfigurationList = 1DF01E7E2C2748FA001FB01D /* Build configuration list for PBXNativeTarget "TesteAppSwiftTests" */;
			buildPhases = (
				1DF01E632C2748FA001FB01D /* Sources */,
				1DF01E642C2748FA001FB01D /* Frameworks */,
				1DF01E652C2748FA001FB01D /* Resources */,
			);
			buildRules = (
			);
			dependencies = (
				1DF01E692C2748FA001FB01D /* PBXTargetDependency */,
			);
			name = TesteAppSwiftTests;
			productName = TesteAppSwiftTests;
			productReference = 1DF01E672C2748FA001FB01D /* TesteAppSwiftTests.xctest */;
			productType = "com.apple.product-type.bundle.unit-test";
		};
		1DF01E702C2748FA001FB01D /* TesteAppSwiftUITests */ = {
			isa = PBXNativeTarget;
			buildConfigurationList = 1DF01E812C2748FA001FB01D /* Build configuration list for PBXNativeTarget "TesteAppSwiftUITests" */;
			buildPhases = (
				1DF01E6D2C2748FA001FB01D /* Sources */,
				1DF01E6E2C2748FA001FB01D /* Frameworks */,
				1DF01E6F2C2748FA001FB01D /* Resources */,
			);
			buildRules = (
			);
			dependencies = (
				1DF01E732C2748FA001FB01D /* PBXTargetDependency */,
			);
			name = TesteAppSwiftUITests;
			productName = TesteAppSwiftUITests;
			productReference = 1DF01E712C2748FA001FB01D /* TesteAppSwiftUITests.xctest */;
			productType = "com.apple.product-type.bundle.ui-testing";
		};
/* End PBXNativeTarget section */

/* Begin PBXProject section */
		1DF01E4F2C2748F7001FB01D /* Project object */ = {
			isa = PBXProject;
			attributes = {
				BuildIndependentTargetsInParallel = 1;
				LastSwiftUpdateCheck = 1520;
				LastUpgradeCheck = 1520;
				TargetAttributes = {
					1DF01E562C2748F7001FB01D = {
						CreatedOnToolsVersion = 15.2;
					};
					1DF01E662C2748FA001FB01D = {
						CreatedOnToolsVersion = 15.2;
						TestTargetID = 1DF01E562C2748F7001FB01D;
					};
					1DF01E702C2748FA001FB01D = {
						CreatedOnToolsVersion = 15.2;
						TestTargetID = 1DF01E562C2748F7001FB01D;
					};
				};
			};
			buildConfigurationList = 1DF01E522C2748F7001FB01D /* Build configuration list for PBXProject "TesteAppSwift" */;
			compatibilityVersion = "Xcode 14.0";
			developmentRegion = en;
			hasScannedForEncodings = 0;
			knownRegions = (
				en,
				Base,
			);
			mainGroup = 1DF01E4E2C2748F7001FB01D;
			packageReferences = (
				1D0D95F92C276135008B53D4 /* XCRemoteSwiftPackageReference "Inject" */,
			);
			productRefGroup = 1DF01E582C2748F7001FB01D /* Products */;
			projectDirPath = "";
			projectRoot = "";
			targets = (
				1DF01E562C2748F7001FB01D /* TesteAppSwift */,
				1DF01E662C2748FA001FB01D /* TesteAppSwiftTests */,
				1DF01E702C2748FA001FB01D /* TesteAppSwiftUITests */,
			);
		};
/* End PBXProject section */

/* Begin PBXResourcesBuildPhase section */
		1DF01E552C2748F7001FB01D /* Resources */ = {
			isa = PBXResourcesBuildPhase;
			buildActionMask = 2147483647;
			files = (
				1DF01E622C2748F9001FB01D /* Preview Assets.xcassets in Resources */,
				1DF01E5F2C2748F9001FB01D /* Assets.xcassets in Resources */,
			);
			runOnlyForDeploymentPostprocessing = 0;
		};
		1DF01E652C2748FA001FB01D /* Resources */ = {
			isa = PBXResourcesBuildPhase;
			buildActionMask = 2147483647;
			files = (
			);
			runOnlyForDeploymentPostprocessing = 0;
		};
		1DF01E6F2C2748FA001FB01D /* Resources */ = {
			isa = PBXResourcesBuildPhase;
			buildActionMask = 2147483647;
			files = (
			);
			runOnlyForDeploymentPostprocessing = 0;
		};
/* End PBXResourcesBuildPhase section */

/* Begin PBXSourcesBuildPhase section */
		1DF01E532C2748F7001FB01D /* Sources */ = {
			isa = PBXSourcesBuildPhase;
			buildActionMask = 2147483647;
			files = (
				1DF01E5D2C2748F7001FB01D /* ContentView.swift in Sources */,
				1DF01E5B2C2748F7001FB01D /* TesteAppSwiftApp.swift in Sources */,
			);
			runOnlyForDeploymentPostprocessing = 0;
		};
		1DF01E632C2748FA001FB01D /* Sources */ = {
			isa = PBXSourcesBuildPhase;
			buildActionMask = 2147483647;
			files = (
				1DF01E6C2C2748FA001FB01D /* TesteAppSwiftTests.swift in Sources */,
			);
			runOnlyForDeploymentPostprocessing = 0;
		};
		1DF01E6D2C2748FA001FB01D /* Sources */ = {
			isa = PBXSourcesBuildPhase;
			buildActionMask = 2147483647;
			files = (
				1DF01E782C2748FA001FB01D /* TesteAppSwiftUITestsLaunchTests.swift in Sources */,
				1DF01E762C2748FA001FB01D /* TesteAppSwiftUITests.swift in Sources */,
			);
			runOnlyForDeploymentPostprocessing = 0;
		};
/* End PBXSourcesBuildPhase section */

/* Begin PBXTargetDependency section */
		1DF01E692C2748FA001FB01D /* PBXTargetDependency */ = {
			isa = PBXTargetDependency;
			target = 1DF01E562C2748F7001FB01D /* TesteAppSwift */;
			targetProxy = 1DF01E682C2748FA001FB01D /* PBXContainerItemProxy */;
		};
		1DF01E732C2748FA001FB01D /* PBXTargetDependency */ = {
			isa = PBXTargetDependency;
			target = 1DF01E562C2748F7001FB01D /* TesteAppSwift */;
			targetProxy = 1DF01E722C2748FA001FB01D /* PBXContainerItemProxy */;
		};
/* End PBXTargetDependency section */

/* Begin XCBuildConfiguration section */
		1DF01E792C2748FA001FB01D /* Debug */ = {
			isa = XCBuildConfiguration;
			buildSettings = {
				ALWAYS_SEARCH_USER_PATHS = NO;
				ASSETCATALOG_COMPILER_GENERATE_SWIFT_ASSET_SYMBOL_EXTENSIONS = YES;
				CLANG_ANALYZER_NONNULL = YES;
				CLANG_ANALYZER_NUMBER_OBJECT_CONVERSION = YES_AGGRESSIVE;
				CLANG_CXX_LANGUAGE_STANDARD = "gnu++20";
				CLANG_ENABLE_MODULES = YES;
				CLANG_ENABLE_OBJC_ARC = YES;
				CLANG_ENABLE_OBJC_WEAK = YES;
				CLANG_WARN_BLOCK_CAPTURE_AUTORELEASING = YES;
				CLANG_WARN_BOOL_CONVERSION = YES;
				CLANG_WARN_COMMA = YES;
				CLANG_WARN_CONSTANT_CONVERSION = YES;
				CLANG_WARN_DEPRECATED_OBJC_IMPLEMENTATIONS = YES;
				CLANG_WARN_DIRECT_OBJC_ISA_USAGE = YES_ERROR;
				CLANG_WARN_DOCUMENTATION_COMMENTS = YES;
				CLANG_WARN_EMPTY_BODY = YES;
				CLANG_WARN_ENUM_CONVERSION = YES;
				CLANG_WARN_INFINITE_RECURSION = YES;
				CLANG_WARN_INT_CONVERSION = YES;
				CLANG_WARN_NON_LITERAL_NULL_CONVERSION = YES;
				CLANG_WARN_OBJC_IMPLICIT_RETAIN_SELF = YES;
				CLANG_WARN_OBJC_LITERAL_CONVERSION = YES;
				CLANG_WARN_OBJC_ROOT_CLASS = YES_ERROR;
				CLANG_WARN_QUOTED_INCLUDE_IN_FRAMEWORK_HEADER = YES;
				CLANG_WARN_RANGE_LOOP_ANALYSIS = YES;
				CLANG_WARN_STRICT_PROTOTYPES = YES;
				CLANG_WARN_SUSPICIOUS_MOVE = YES;
				CLANG_WARN_UNGUARDED_AVAILABILITY = YES_AGGRESSIVE;
				CLANG_WARN_UNREACHABLE_CODE = YES;
				CLANG_WARN__DUPLICATE_METHOD_MATCH = YES;
				COPY_PHASE_STRIP = NO;
				DEBUG_INFORMATION_FORMAT = dwarf;
				ENABLE_STRICT_OBJC_MSGSEND = YES;
				ENABLE_TESTABILITY = YES;
				ENABLE_USER_SCRIPT_SANDBOXING = YES;
				GCC_C_LANGUAGE_STANDARD = gnu17;
				GCC_DYNAMIC_NO_PIC = NO;
				GCC_NO_COMMON_BLOCKS = YES;
				GCC_OPTIMIZATION_LEVEL = 0;
				GCC_PREPROCESSOR_DEFINITIONS = (
					"DEBUG=1",
					"$(inherited)",
				);
				GCC_WARN_64_TO_32_BIT_CONVERSION = YES;
				GCC_WARN_ABOUT_RETURN_TYPE = YES_ERROR;
				GCC_WARN_UNDECLARED_SELECTOR = YES;
				GCC_WARN_UNINITIALIZED_AUTOS = YES_AGGRESSIVE;
				GCC_WARN_UNUSED_FUNCTION = YES;
				GCC_WARN_UNUSED_VARIABLE = YES;
				IPHONEOS_DEPLOYMENT_TARGET = 17.2;
				LOCALIZATION_PREFERS_STRING_CATALOGS = YES;
				MTL_ENABLE_DEBUG_INFO = INCLUDE_SOURCE;
				MTL_FAST_MATH = YES;
				ONLY_ACTIVE_ARCH = YES;
				SDKROOT = iphoneos;
				SWIFT_ACTIVE_COMPILATION_CONDITIONS = "DEBUG $(inherited)";
				SWIFT_OPTIMIZATION_LEVEL = "-Onone";
			};
			name = Debug;
		};
		1DF01E7A2C2748FA001FB01D /* Release */ = {
			isa = XCBuildConfiguration;
			buildSettings = {
				ALWAYS_SEARCH_USER_PATHS = NO;
				ASSETCATALOG_COMPILER_GENERATE_SWIFT_ASSET_SYMBOL_EXTENSIONS = YES;
				CLANG_ANALYZER_NONNULL = YES;
				CLANG_ANALYZER_NUMBER_OBJECT_CONVERSION = YES_AGGRESSIVE;
				CLANG_CXX_LANGUAGE_STANDARD = "gnu++20";
				CLANG_ENABLE_MODULES = YES;
				CLANG_ENABLE_OBJC_ARC = YES;
				CLANG_ENABLE_OBJC_WEAK = YES;
				CLANG_WARN_BLOCK_CAPTURE_AUTORELEASING = YES;
				CLANG_WARN_BOOL_CONVERSION = YES;
				CLANG_WARN_COMMA = YES;
				CLANG_WARN_CONSTANT_CONVERSION = YES;
				CLANG_WARN_DEPRECATED_OBJC_IMPLEMENTATIONS = YES;
				CLANG_WARN_DIRECT_OBJC_ISA_USAGE = YES_ERROR;
				CLANG_WARN_DOCUMENTATION_COMMENTS = YES;
				CLANG_WARN_EMPTY_BODY = YES;
				CLANG_WARN_ENUM_CONVERSION = YES;
				CLANG_WARN_INFINITE_RECURSION = YES;
				CLANG_WARN_INT_CONVERSION = YES;
				CLANG_WARN_NON_LITERAL_NULL_CONVERSION = YES;
				CLANG_WARN_OBJC_IMPLICIT_RETAIN_SELF = YES;
				CLANG_WARN_OBJC_LITERAL_CONVERSION = YES;
				CLANG_WARN_OBJC_ROOT_CLASS = YES_ERROR;
				CLANG_WARN_QUOTED_INCLUDE_IN_FRAMEWORK_HEADER = YES;
				CLANG_WARN_RANGE_LOOP_ANALYSIS = YES;
				CLANG_WARN_STRICT_PROTOTYPES = YES;
				CLANG_WARN_SUSPICIOUS_MOVE = YES;
				CLANG_WARN_UNGUARDED_AVAILABILITY = YES_AGGRESSIVE;
				CLANG_WARN_UNREACHABLE_CODE = YES;
				CLANG_WARN__DUPLICATE_METHOD_MATCH = YES;
				COPY_PHASE_STRIP = NO;
				DEBUG_INFORMATION_FORMAT = "dwarf-with-dsym";
				ENABLE_NS_ASSERTIONS = NO;
				ENABLE_STRICT_OBJC_MSGSEND = YES;
				ENABLE_USER_SCRIPT_SANDBOXING = YES;
				GCC_C_LANGUAGE_STANDARD = gnu17;
				GCC_NO_COMMON_BLOCKS = YES;
				GCC_WARN_64_TO_32_BIT_CONVERSION = YES;
				GCC_WARN_ABOUT_RETURN_TYPE = YES_ERROR;
				GCC_WARN_UNDECLARED_SELECTOR = YES;
				GCC_WARN_UNINITIALIZED_AUTOS = YES_AGGRESSIVE;
				GCC_WARN_UNUSED_FUNCTION = YES;
				GCC_WARN_UNUSED_VARIABLE = YES;
				IPHONEOS_DEPLOYMENT_TARGET = 17.2;
				LOCALIZATION_PREFERS_STRING_CATALOGS = YES;
				MTL_ENABLE_DEBUG_INFO = NO;
				MTL_FAST_MATH = YES;
				SDKROOT = iphoneos;
				SWIFT_COMPILATION_MODE = wholemodule;
				VALIDATE_PRODUCT = YES;
			};
			name = Release;
		};
		1DF01E7C2C2748FA001FB01D /* Debug */ = {
			isa = XCBuildConfiguration;
			buildSettings = {
				ASSETCATALOG_COMPILER_APPICON_NAME = AppIcon;
				ASSETCATALOG_COMPILER_GLOBAL_ACCENT_COLOR_NAME = AccentColor;
				CODE_SIGN_STYLE = Automatic;
				CURRENT_PROJECT_VERSION = 1;
				DEVELOPMENT_ASSET_PATHS = "\"TesteAppSwift/Preview Content\"";
				ENABLE_PREVIEWS = YES;
				GENERATE_INFOPLIST_FILE = YES;
				INFOPLIST_KEY_UIApplicationSceneManifest_Generation = YES;
				INFOPLIST_KEY_UIApplicationSupportsIndirectInputEvents = YES;
				INFOPLIST_KEY_UILaunchScreen_Generation = YES;
				INFOPLIST_KEY_UISupportedInterfaceOrientations_iPad = "UIInterfaceOrientationPortrait UIInterfaceOrientationPortraitUpsideDown UIInterfaceOrientationLandscapeLeft UIInterfaceOrientationLandscapeRight";
				INFOPLIST_KEY_UISupportedInterfaceOrientations_iPhone = "UIInterfaceOrientationPortrait UIInterfaceOrientationLandscapeLeft UIInterfaceOrientationLandscapeRight";
				LD_RUNPATH_SEARCH_PATHS = (
					"$(inherited)",
					"@executable_path/Frameworks",
				);
				MARKETING_VERSION = 1.0;
				"OTHER_LDFLAGS[arch=*]" = (
					"-Xlinker",
					"-interposable",
				);
				PRODUCT_BUNDLE_IDENTIFIER = brwnitz.TesteAppSwift;
				PRODUCT_NAME = "$(TARGET_NAME)";
				SWIFT_EMIT_LOC_STRINGS = YES;
				SWIFT_VERSION = 5.0;
				TARGETED_DEVICE_FAMILY = "1,2";
			};
			name = Debug;
		};
		1DF01E7D2C2748FA001FB01D /* Release */ = {
			isa = XCBuildConfiguration;
			buildSettings = {
				ASSETCATALOG_COMPILER_APPICON_NAME = AppIcon;
				ASSETCATALOG_COMPILER_GLOBAL_ACCENT_COLOR_NAME = AccentColor;
				CODE_SIGN_STYLE = Automatic;
				CURRENT_PROJECT_VERSION = 1;
				DEVELOPMENT_ASSET_PATHS = "\"TesteAppSwift/Preview Content\"";
				ENABLE_PREVIEWS = YES;
				GENERATE_INFOPLIST_FILE = YES;
				INFOPLIST_KEY_UIApplicationSceneManifest_Generation = YES;
				INFOPLIST_KEY_UIApplicationSupportsIndirectInputEvents = YES;
				INFOPLIST_KEY_UILaunchScreen_Generation = YES;
				INFOPLIST_KEY_UISupportedInterfaceOrientations_iPad = "UIInterfaceOrientationPortrait UIInterfaceOrientationPortraitUpsideDown UIInterfaceOrientationLandscapeLeft UIInterfaceOrientationLandscapeRight";
				INFOPLIST_KEY_UISupportedInterfaceOrientations_iPhone = "UIInterfaceOrientationPortrait UIInterfaceOrientationLandscapeLeft UIInterfaceOrientationLandscapeRight";
				LD_RUNPATH_SEARCH_PATHS = (
					"$(inherited)",
					"@executable_path/Frameworks",
				);
				MARKETING_VERSION = 1.0;
				PRODUCT_BUNDLE_IDENTIFIER = brwnitz.TesteAppSwift;
				PRODUCT_NAME = "$(TARGET_NAME)";
				SWIFT_EMIT_LOC_STRINGS = YES;
				SWIFT_VERSION = 5.0;
				TARGETED_DEVICE_FAMILY = "1,2";
			};
			name = Release;
		};
		1DF01E7F2C2748FA001FB01D /* Debug */ = {
			isa = XCBuildConfiguration;
			buildSettings = {
				ALWAYS_EMBED_SWIFT_STANDARD_LIBRARIES = YES;
				BUNDLE_LOADER = "$(TEST_HOST)";
				CODE_SIGN_STYLE = Automatic;
				CURRENT_PROJECT_VERSION = 1;
				GENERATE_INFOPLIST_FILE = YES;
				IPHONEOS_DEPLOYMENT_TARGET = 17.2;
				MARKETING_VERSION = 1.0;
				PRODUCT_BUNDLE_IDENTIFIER = brwnitz.TesteAppSwiftTests;
				PRODUCT_NAME = "$(TARGET_NAME)";
				SWIFT_EMIT_LOC_STRINGS = NO;
				SWIFT_VERSION = 5.0;
				TARGETED_DEVICE_FAMILY = "1,2";
				TEST_HOST = "$(BUILT_PRODUCTS_DIR)/TesteAppSwift.app/$(BUNDLE_EXECUTABLE_FOLDER_PATH)/TesteAppSwift";
			};
			name = Debug;
		};
		1DF01E802C2748FA001FB01D /* Release */ = {
			isa = XCBuildConfiguration;
			buildSettings = {
				ALWAYS_EMBED_SWIFT_STANDARD_LIBRARIES = YES;
				BUNDLE_LOADER = "$(TEST_HOST)";
				CODE_SIGN_STYLE = Automatic;
				CURRENT_PROJECT_VERSION = 1;
				GENERATE_INFOPLIST_FILE = YES;
				IPHONEOS_DEPLOYMENT_TARGET = 17.2;
				MARKETING_VERSION = 1.0;
				PRODUCT_BUNDLE_IDENTIFIER = brwnitz.TesteAppSwiftTests;
				PRODUCT_NAME = "$(TARGET_NAME)";
				SWIFT_EMIT_LOC_STRINGS = NO;
				SWIFT_VERSION = 5.0;
				TARGETED_DEVICE_FAMILY = "1,2";
				TEST_HOST = "$(BUILT_PRODUCTS_DIR)/TesteAppSwift.app/$(BUNDLE_EXECUTABLE_FOLDER_PATH)/TesteAppSwift";
			};
			name = Release;
		};
		1DF01E822C2748FA001FB01D /* Debug */ = {
			isa = XCBuildConfiguration;
			buildSettings = {
				ALWAYS_EMBED_SWIFT_STANDARD_LIBRARIES = YES;
				CODE_SIGN_STYLE = Automatic;
				CURRENT_PROJECT_VERSION = 1;
				GENERATE_INFOPLIST_FILE = YES;
				MARKETING_VERSION = 1.0;
				PRODUCT_BUNDLE_IDENTIFIER = brwnitz.TesteAppSwiftUITests;
				PRODUCT_NAME = "$(TARGET_NAME)";
				SWIFT_EMIT_LOC_STRINGS = NO;
				SWIFT_VERSION = 5.0;
				TARGETED_DEVICE_FAMILY = "1,2";
				TEST_TARGET_NAME = TesteAppSwift;
			};
			name = Debug;
		};
		1DF01E832C2748FA001FB01D /* Release */ = {
			isa = XCBuildConfiguration;
			buildSettings = {
				ALWAYS_EMBED_SWIFT_STANDARD_LIBRARIES = YES;
				CODE_SIGN_STYLE = Automatic;
				CURRENT_PROJECT_VERSION = 1;
				GENERATE_INFOPLIST_FILE = YES;
				MARKETING_VERSION = 1.0;
				PRODUCT_BUNDLE_IDENTIFIER = brwnitz.TesteAppSwiftUITests;
				PRODUCT_NAME = "$(TARGET_NAME)";
				SWIFT_EMIT_LOC_STRINGS = NO;
				SWIFT_VERSION = 5.0;
				TARGETED_DEVICE_FAMILY = "1,2";
				TEST_TARGET_NAME = TesteAppSwift;
			};
			name = Release;
		};
/* End XCBuildConfiguration section */

/* Begin XCConfigurationList section */
		1DF01E522C2748F7001FB01D /* Build configuration list for PBXProject "TesteAppSwift" */ = {
			isa = XCConfigurationList;
			buildConfigurations = (
				1DF01E792C2748FA001FB01D /* Debug */,
				1DF01E7A2C2748FA001FB01D /* Release */,
			);
			defaultConfigurationIsVisible = 0;
			defaultConfigurationName = Release;
		};
		1DF01E7B2C2748FA001FB01D /* Build configuration list for PBXNativeTarget "TesteAppSwift" */ = {
			isa = XCConfigurationList;
			buildConfigurations = (
				1DF01E7C2C2748FA001FB01D /* Debug */,
				1DF01E7D2C2748FA001FB01D /* Release */,
			);
			defaultConfigurationIsVisible = 0;
			defaultConfigurationName = Release;
		};
		1DF01E7E2C2748FA001FB01D /* Build configuration list for PBXNativeTarget "TesteAppSwiftTests" */ = {
			isa = XCConfigurationList;
			buildConfigurations = (
				1DF01E7F2C2748FA001FB01D /* Debug */,
				1DF01E802C2748FA001FB01D /* Release */,
			);
			defaultConfigurationIsVisible = 0;
			defaultConfigurationName = Release;
		};
		1DF01E812C2748FA001FB01D /* Build configuration list for PBXNativeTarget "TesteAppSwiftUITests" */ = {
			isa = XCConfigurationList;
			buildConfigurations = (
				1DF01E822C2748FA001FB01D /* Debug */,
				1DF01E832C2748FA001FB01D /* Release */,
			);
			defaultConfigurationIsVisible = 0;
			defaultConfigurationName = Release;
		};
/* End XCConfigurationList section */

/* Begin XCRemoteSwiftPackageReference section */
		1D0D95F92C276135008B53D4 /* XCRemoteSwiftPackageReference "Inject" */ = {
			isa = XCRemoteSwiftPackageReference;
			repositoryURL = "https://github.com/krzysztofzablocki/Inject.git";
			requirement = {
				kind = upToNextMajorVersion;
				minimumVersion = 1.5.0;
			};
		};
/* End XCRemoteSwiftPackageReference section */

/* Begin XCSwiftPackageProductDependency section */
		1D0D95FA2C276135008B53D4 /* Inject */ = {
			isa = XCSwiftPackageProductDependency;
			package = 1D0D95F92C276135008B53D4 /* XCRemoteSwiftPackageReference "Inject" */;
			productName = Inject;
		};
/* End XCSwiftPackageProductDependency section */
	};
	rootObject = 1DF01E4F2C2748F7001FB01D /* Project object */;
}
